
Microsoft Visual Studio Solution File, Format Version 12.00
# Visual Studio 15
VisualStudioVersion = 15.0.27428.2043
MinimumVisualStudioVersion = 10.0.40219.1
Project("{8BC9CEB8-8B4A-11D0-8D11-00A0C91BC942}") = "1111_A", "CodeForces\CodeForces.vcxproj", "{9D88B5B6-7121-40E7-B9F6-6DA48E346575}"
EndProject
Project("{8BC9CEB8-8B4A-11D0-8D11-00A0C91BC942}") = "1032_A", "1032_A\1032_A.vcxproj", "{54A38E87-ADC8-4E9A-B417-DE85164618C9}"
EndProject
Project("{8BC9CEB8-8B4A-11D0-8D11-00A0C91BC942}") = "1032_B", "1032_B\1032_B.vcxproj", "{48804903-C3EF-41E3-939F-07A9D3D95646}"
EndProject
Project("{8BC9CEB8-8B4A-11D0-8D11-00A0C91BC942}") = "393_A", "393_A\393_A.vcxproj", "{2D5FCF1E-2697-40D5-8E20-2734529CA2F5}"
EndProject
Global
	GlobalSection(SolutionConfigurationPlatforms) = preSolution
		Debug|x64 = Debug|x64
		Debug|x86 = Debug|x86
		Release|x64 = Release|x64
		Release|x86 = Release|x86
	EndGlobalSection
	GlobalSection(ProjectConfigurationPlatforms) = postSolution
		{9D88B5B6-7121-40E7-B9F6-6DA48E346575}.Debug|x64.ActiveCfg = Debug|x64
		{9D88B5B6-7121-40E7-B9F6-6DA48E346575}.Debug|x64.Build.0 = Debug|x64
		{9D88B5B6-7121-40E7-B9F6-6DA48E346575}.Debug|x86.ActiveCfg = Debug|Win32
		{9D88B5B6-7121-40E7-B9F6-6DA48E346575}.Debug|x86.Build.0 = Debug|Win32
		{9D88B5B6-7121-40E7-B9F6-6DA48E346575}.Release|x64.ActiveCfg = Release|x64
		{9D88B5B6-7121-40E7-B9F6-6DA48E346575}.Release|x64.Build.0 = Release|x64
		{9D88B5B6-7121-40E7-B9F6-6DA48E346575}.Release|x86.ActiveCfg = Release|Win32
		{9D88B5B6-7121-40E7-B9F6-6DA48E346575}.Release|x86.Build.0 = Release|Win32
		{54A38E87-ADC8-4E9A-B417-DE85164618C9}.Debug|x64.ActiveCfg = Debug|x64
		{54A38E87-ADC8-4E9A-B417-DE85164618C9}.Debug|x64.Build.0 = Debug|x64
		{54A38E87-ADC8-4E9A-B417-DE85164618C9}.Debug|x86.ActiveCfg = Debug|Win32
		{54A38E87-ADC8-4E9A-B417-DE85164618C9}.Debug|x86.Build.0 = Debug|Win32
		{54A38E87-ADC8-4E9A-B417-DE85164618C9}.Release|x64.ActiveCfg = Release|x64
		{54A38E87-ADC8-4E9A-B417-DE85164618C9}.Release|x64.Build.0 = Release|x64
		{54A38E87-ADC8-4E9A-B417-DE85164618C9}.Release|x86.ActiveCfg = Release|Win32
		{54A38E87-ADC8-4E9A-B417-DE85164618C9}.Release|x86.Build.0 = Release|Win32
		{48804903-C3EF-41E3-939F-07A9D3D95646}.Debug|x64.ActiveCfg = Debug|x64
		{48804903-C3EF-41E3-939F-07A9D3D95646}.Debug|x64.Build.0 = Debug|x64
		{48804903-C3EF-41E3-939F-07A9D3D95646}.Debug|x86.ActiveCfg = Debug|Win32
		{48804903-C3EF-41E3-939F-07A9D3D95646}.Debug|x86.Build.0 = Debug|Win32
		{48804903-C3EF-41E3-939F-07A9D3D95646}.Release|x64.ActiveCfg = Release|x64
		{48804903-C3EF-41E3-939F-07A9D3D95646}.Release|x64.Build.0 = Release|x64
		{48804903-C3EF-41E3-939F-07A9D3D95646}.Release|x86.ActiveCfg = Release|Win32
		{48804903-C3EF-41E3-939F-07A9D3D95646}.Release|x86.Build.0 = Release|Win32
		{2D5FCF1E-2697-40D5-8E20-2734529CA2F5}.Debug|x64.ActiveCfg = Debug|x64
		{2D5FCF1E-2697-40D5-8E20-2734529CA2F5}.Debug|x64.Build.0 = Debug|x64
		{2D5FCF1E-2697-40D5-8E20-2734529CA2F5}.Debug|x86.ActiveCfg = Debug|Win32
		{2D5FCF1E-2697-40D5-8E20-2734529CA2F5}.Debug|x86.Build.0 = Debug|Win32
		{2D5FCF1E-2697-40D5-8E20-2734529CA2F5}.Release|x64.ActiveCfg = Release|x64
		{2D5FCF1E-2697-40D5-8E20-2734529CA2F5}.Release|x64.Build.0 = Release|x64
		{2D5FCF1E-2697-40D5-8E20-2734529CA2F5}.Release|x86.ActiveCfg = Release|Win32
		{2D5FCF1E-2697-40D5-8E20-2734529CA2F5}.Release|x86.Build.0 = Release|Win32
	EndGlobalSection
	GlobalSection(SolutionProperties) = preSolution
		HideSolutionNode = FALSE
	EndGlobalSection
	GlobalSection(ExtensibilityGlobals) = postSolution
		SolutionGuid = {EE5E4A6E-3A00-4CB3-924D-504979D4D46A}
	EndGlobalSection
EndGlobal
